PODS:
  - FunctionalSwift (1.3.0)
  - SwiftLint (0.39.2)

DEPENDENCIES:
  - FunctionalSwift (from `./`)
  - SwiftLint

SPEC REPOS:
  https://github.com/CocoaPods/Specs.git:
    - SwiftLint

EXTERNAL SOURCES:
  FunctionalSwift:
    :path: "./"

SPEC CHECKSUMS:
  FunctionalSwift: 497beb2dd5d1ad7f487d971a5db9cce4b4e595d3
  SwiftLint: 22ccbbe3b8008684be5955693bab135e0ed6a447

PODFILE CHECKSUM: c254b4a90baa1f2caeb874da60f4680e6c85f5e0

COCOAPODS: 1.10.0
