PODS:
  - FunctionalSwift (1.6.6)
  - SwiftLint (0.39.2)

DEPENDENCIES:
  - FunctionalSwift (from `./`)
  - SwiftLint

SPEC REPOS:
  https://github.com/CocoaPods/Specs.git:
    - SwiftLint

EXTERNAL SOURCES:
  FunctionalSwift:
    :path: "./"

SPEC CHECKSUMS:
  FunctionalSwift: bba5d2259603e0c3f6782a0e5ac038f71b44bad4
  SwiftLint: 22ccbbe3b8008684be5955693bab135e0ed6a447

PODFILE CHECKSUM: c254b4a90baa1f2caeb874da60f4680e6c85f5e0

COCOAPODS: 1.10.0
